
Microsoft Visual Studio Solution File, Format Version 12.00
# Visual Studio Version 16
VisualStudioVersion = 16.0.31205.134
MinimumVisualStudioVersion = 10.0.40219.1
Project("{2150E333-8FDC-42A3-9474-1A3956D46DE8}") = "Data", "Data", "{4C1F27C7-E538-4867-B7BA-A70D55396CFA}"
	ProjectSection(SolutionItems) = preProject
		data\yelp_labelled.txt = data\yelp_labelled.txt
	EndProjectSection
EndProject
Project("{2150E333-8FDC-42A3-9474-1A3956D46DE8}") = "Model", "Model", "{4C1F27C7-E538-4867-B7BA-A70D55396CFA}"
	ProjectSection(SolutionItems) = preProject
		model\MLModel.zip = model\MLModel.zip
	EndProjectSection
EndProject
Project("{9A19103F-16F7-4668-BE54-9A1E7A4F7556}") = "Sentiment", "src\Sentiment.csproj", "{EE581BD1-A52C-4F56-9160-645D56D1D62C}"
EndProject
Global
	GlobalSection(SolutionConfigurationPlatforms) = preSolution
		Debug|Any CPU = Debug|Any CPU
		Release|Any CPU = Release|Any CPU
	EndGlobalSection
	GlobalSection(ProjectConfigurationPlatforms) = postSolution
		{EE581BD1-A52C-4F56-9160-645D56D1D62C}.Debug|Any CPU.ActiveCfg = Debug|Any CPU
		{EE581BD1-A52C-4F56-9160-645D56D1D62C}.Debug|Any CPU.Build.0 = Debug|Any CPU
		{EE581BD1-A52C-4F56-9160-645D56D1D62C}.Release|Any CPU.ActiveCfg = Release|Any CPU
		{EE581BD1-A52C-4F56-9160-645D56D1D62C}.Release|Any CPU.Build.0 = Release|Any CPU
	EndGlobalSection
	GlobalSection(SolutionProperties) = preSolution
		HideSolutionNode = FALSE
	EndGlobalSection
	GlobalSection(ExtensibilityGlobals) = postSolution
		SolutionGuid = {B11125E4-C254-46E0-AAD3-554F195B63DF}
	EndGlobalSection
EndGlobal
